// !$*UTF8*$!
{
	archiveVersion = 1;
	classes = {
	};
	objectVersion = 48;
	objects = {

/* Begin PBXBuildFile section */
		8408C237201A26CB0061C534 /* AppDelegate.swift in Sources */ = {isa = PBXBuildFile; fileRef = 8408C236201A26CB0061C534 /* AppDelegate.swift */; };
		8408C23C201A26CB0061C534 /* Main.storyboard in Resources */ = {isa = PBXBuildFile; fileRef = 8408C23A201A26CB0061C534 /* Main.storyboard */; };
		8408C23E201A26CB0061C534 /* Assets.xcassets in Resources */ = {isa = PBXBuildFile; fileRef = 8408C23D201A26CB0061C534 /* Assets.xcassets */; };
		8408C241201A26CB0061C534 /* LaunchScreen.storyboard in Resources */ = {isa = PBXBuildFile; fileRef = 8408C23F201A26CB0061C534 /* LaunchScreen.storyboard */; };
		84793DFE201A2889009F490B /* Item.swift in Sources */ = {isa = PBXBuildFile; fileRef = 84793DFD201A2889009F490B /* Item.swift */; };
		84793E01201A29BB009F490B /* NetworkAPI.swift in Sources */ = {isa = PBXBuildFile; fileRef = 84793E00201A29BB009F490B /* NetworkAPI.swift */; };
		84793E05201A29E1009F490B /* ProgressUtility.swift in Sources */ = {isa = PBXBuildFile; fileRef = 84793E03201A29E1009F490B /* ProgressUtility.swift */; };
		84793E06201A29E1009F490B /* DimUtility.swift in Sources */ = {isa = PBXBuildFile; fileRef = 84793E04201A29E1009F490B /* DimUtility.swift */; };
		84793E09201A2A96009F490B /* ItemsViewModel.swift in Sources */ = {isa = PBXBuildFile; fileRef = 84793E08201A2A96009F490B /* ItemsViewModel.swift */; };
		84793E0B201A2CA8009F490B /* ItemCell.swift in Sources */ = {isa = PBXBuildFile; fileRef = 84793E0A201A2CA8009F490B /* ItemCell.swift */; };
		84793E0D201A2D1A009F490B /* ItemsTableViewController.swift in Sources */ = {isa = PBXBuildFile; fileRef = 84793E0C201A2D1A009F490B /* ItemsTableViewController.swift */; };
		BD7684904602C437A439AE03 /* Pods_Test_Shop.framework in Frameworks */ = {isa = PBXBuildFile; fileRef = 4CF36282C97151B23F13028B /* Pods_Test_Shop.framework */; };
/* End PBXBuildFile section */

/* Begin PBXFileReference section */
		03B08068DD4489A1C4D3E09C /* Pods-Test Shop.release.xcconfig */ = {isa = PBXFileReference; includeInIndex = 1; lastKnownFileType = text.xcconfig; name = "Pods-Test Shop.release.xcconfig"; path = "Pods/Target Support Files/Pods-Test Shop/Pods-Test Shop.release.xcconfig"; sourceTree = "<group>"; };
		4CF36282C97151B23F13028B /* Pods_Test_Shop.framework */ = {isa = PBXFileReference; explicitFileType = wrapper.framework; includeInIndex = 0; path = Pods_Test_Shop.framework; sourceTree = BUILT_PRODUCTS_DIR; };
		8408C233201A26CB0061C534 /* Test Shop.app */ = {isa = PBXFileReference; explicitFileType = wrapper.application; includeInIndex = 0; path = "Test Shop.app"; sourceTree = BUILT_PRODUCTS_DIR; };
		8408C236201A26CB0061C534 /* AppDelegate.swift */ = {isa = PBXFileReference; lastKnownFileType = sourcecode.swift; path = AppDelegate.swift; sourceTree = "<group>"; };
		8408C23B201A26CB0061C534 /* Base */ = {isa = PBXFileReference; lastKnownFileType = file.storyboard; name = Base; path = Base.lproj/Main.storyboard; sourceTree = "<group>"; };
		8408C23D201A26CB0061C534 /* Assets.xcassets */ = {isa = PBXFileReference; lastKnownFileType = folder.assetcatalog; path = Assets.xcassets; sourceTree = "<group>"; };
		8408C240201A26CB0061C534 /* Base */ = {isa = PBXFileReference; lastKnownFileType = file.storyboard; name = Base; path = Base.lproj/LaunchScreen.storyboard; sourceTree = "<group>"; };
		8408C242201A26CB0061C534 /* Info.plist */ = {isa = PBXFileReference; lastKnownFileType = text.plist.xml; path = Info.plist; sourceTree = "<group>"; };
		84793DFD201A2889009F490B /* Item.swift */ = {isa = PBXFileReference; lastKnownFileType = sourcecode.swift; path = Item.swift; sourceTree = "<group>"; };
		84793E00201A29BB009F490B /* NetworkAPI.swift */ = {isa = PBXFileReference; fileEncoding = 4; lastKnownFileType = sourcecode.swift; path = NetworkAPI.swift; sourceTree = "<group>"; };
		84793E03201A29E1009F490B /* ProgressUtility.swift */ = {isa = PBXFileReference; fileEncoding = 4; lastKnownFileType = sourcecode.swift; path = ProgressUtility.swift; sourceTree = "<group>"; };
		84793E04201A29E1009F490B /* DimUtility.swift */ = {isa = PBXFileReference; fileEncoding = 4; lastKnownFileType = sourcecode.swift; path = DimUtility.swift; sourceTree = "<group>"; };
		84793E08201A2A96009F490B /* ItemsViewModel.swift */ = {isa = PBXFileReference; lastKnownFileType = sourcecode.swift; path = ItemsViewModel.swift; sourceTree = "<group>"; };
		84793E0A201A2CA8009F490B /* ItemCell.swift */ = {isa = PBXFileReference; lastKnownFileType = sourcecode.swift; path = ItemCell.swift; sourceTree = "<group>"; };
		84793E0C201A2D1A009F490B /* ItemsTableViewController.swift */ = {isa = PBXFileReference; lastKnownFileType = sourcecode.swift; path = ItemsTableViewController.swift; sourceTree = "<group>"; };
		F12163708545D80C4B2C83E6 /* Pods-Test Shop.debug.xcconfig */ = {isa = PBXFileReference; includeInIndex = 1; lastKnownFileType = text.xcconfig; name = "Pods-Test Shop.debug.xcconfig"; path = "Pods/Target Support Files/Pods-Test Shop/Pods-Test Shop.debug.xcconfig"; sourceTree = "<group>"; };
/* End PBXFileReference section */

/* Begin PBXFrameworksBuildPhase section */
		8408C230201A26CB0061C534 /* Frameworks */ = {
			isa = PBXFrameworksBuildPhase;
			buildActionMask = 2147483647;
			files = (
				BD7684904602C437A439AE03 /* Pods_Test_Shop.framework in Frameworks */,
			);
			runOnlyForDeploymentPostprocessing = 0;
		};
/* End PBXFrameworksBuildPhase section */

/* Begin PBXGroup section */
		3C2084E05DAEA9896BE74FF4 /* Frameworks */ = {
			isa = PBXGroup;
			children = (
				4CF36282C97151B23F13028B /* Pods_Test_Shop.framework */,
			);
			name = Frameworks;
			sourceTree = "<group>";
		};
		728374B7CB612EBE9F2CE51F /* Pods */ = {
			isa = PBXGroup;
			children = (
				F12163708545D80C4B2C83E6 /* Pods-Test Shop.debug.xcconfig */,
				03B08068DD4489A1C4D3E09C /* Pods-Test Shop.release.xcconfig */,
			);
			name = Pods;
			sourceTree = "<group>";
		};
		8408C22A201A26CB0061C534 = {
			isa = PBXGroup;
			children = (
				8408C235201A26CB0061C534 /* Test Shop */,
				8408C234201A26CB0061C534 /* Products */,
				728374B7CB612EBE9F2CE51F /* Pods */,
				3C2084E05DAEA9896BE74FF4 /* Frameworks */,
			);
			sourceTree = "<group>";
		};
		8408C234201A26CB0061C534 /* Products */ = {
			isa = PBXGroup;
			children = (
				8408C233201A26CB0061C534 /* Test Shop.app */,
			);
			name = Products;
			sourceTree = "<group>";
		};
		8408C235201A26CB0061C534 /* Test Shop */ = {
			isa = PBXGroup;
			children = (
				8408C236201A26CB0061C534 /* AppDelegate.swift */,
				84793E02201A29D1009F490B /* Utilities */,
				84793DFF201A2998009F490B /* APIs */,
				84793DF8201A280C009F490B /* View Controllers */,
				84793DFA201A282E009F490B /* View Models */,
				84793DF9201A2824009F490B /* Models */,
				84793DFB201A2838009F490B /* Views */,
				8408C23D201A26CB0061C534 /* Assets.xcassets */,
				8408C23F201A26CB0061C534 /* LaunchScreen.storyboard */,
				8408C242201A26CB0061C534 /* Info.plist */,
			);
			path = "Test Shop";
			sourceTree = "<group>";
		};
		84793DF8201A280C009F490B /* View Controllers */ = {
			isa = PBXGroup;
			children = (
				84793E0C201A2D1A009F490B /* ItemsTableViewController.swift */,
				84793E0A201A2CA8009F490B /* ItemCell.swift */,
			);
			path = "View Controllers";
			sourceTree = "<group>";
		};
		84793DF9201A2824009F490B /* Models */ = {
			isa = PBXGroup;
			children = (
				84793DFD201A2889009F490B /* Item.swift */,
			);
			path = Models;
			sourceTree = "<group>";
		};
		84793DFA201A282E009F490B /* View Models */ = {
			isa = PBXGroup;
			children = (
				84793E08201A2A96009F490B /* ItemsViewModel.swift */,
			);
			path = "View Models";
			sourceTree = "<group>";
		};
		84793DFB201A2838009F490B /* Views */ = {
			isa = PBXGroup;
			children = (
				8408C23A201A26CB0061C534 /* Main.storyboard */,
			);
			path = Views;
			sourceTree = "<group>";
		};
		84793DFF201A2998009F490B /* APIs */ = {
			isa = PBXGroup;
			children = (
				84793E00201A29BB009F490B /* NetworkAPI.swift */,
			);
			path = APIs;
			sourceTree = "<group>";
		};
		84793E02201A29D1009F490B /* Utilities */ = {
			isa = PBXGroup;
			children = (
				84793E04201A29E1009F490B /* DimUtility.swift */,
				84793E03201A29E1009F490B /* ProgressUtility.swift */,
			);
			path = Utilities;
			sourceTree = "<group>";
		};
/* End PBXGroup section */

/* Begin PBXNativeTarget section */
		8408C232201A26CB0061C534 /* Test Shop */ = {
			isa = PBXNativeTarget;
			buildConfigurationList = 8408C245201A26CB0061C534 /* Build configuration list for PBXNativeTarget "Test Shop" */;
			buildPhases = (
				0E6FABFD366AEA1D8C51C4C5 /* [CP] Check Pods Manifest.lock */,
				8408C22F201A26CB0061C534 /* Sources */,
				8408C230201A26CB0061C534 /* Frameworks */,
				8408C231201A26CB0061C534 /* Resources */,
				9DF237AF0FF5E94C61C841EB /* [CP] Embed Pods Frameworks */,
				9359267D49207D76421FED22 /* [CP] Copy Pods Resources */,
			);
			buildRules = (
			);
			dependencies = (
			);
			name = "Test Shop";
			productName = "Test Shop";
			productReference = 8408C233201A26CB0061C534 /* Test Shop.app */;
			productType = "com.apple.product-type.application";
		};
/* End PBXNativeTarget section */

/* Begin PBXProject section */
		8408C22B201A26CB0061C534 /* Project object */ = {
			isa = PBXProject;
			attributes = {
				LastSwiftUpdateCheck = 0920;
				LastUpgradeCheck = 0920;
				ORGANIZATIONNAME = "Mohammad Shaker";
				TargetAttributes = {
					8408C232201A26CB0061C534 = {
						CreatedOnToolsVersion = 9.2;
						ProvisioningStyle = Automatic;
					};
				};
			};
			buildConfigurationList = 8408C22E201A26CB0061C534 /* Build configuration list for PBXProject "Test Shop" */;
			compatibilityVersion = "Xcode 8.0";
			developmentRegion = en;
			hasScannedForEncodings = 0;
			knownRegions = (
				en,
				Base,
			);
			mainGroup = 8408C22A201A26CB0061C534;
			productRefGroup = 8408C234201A26CB0061C534 /* Products */;
			projectDirPath = "";
			projectRoot = "";
			targets = (
				8408C232201A26CB0061C534 /* Test Shop */,
			);
		};
/* End PBXProject section */

/* Begin PBXResourcesBuildPhase section */
		8408C231201A26CB0061C534 /* Resources */ = {
			isa = PBXResourcesBuildPhase;
			buildActionMask = 2147483647;
			files = (
				8408C241201A26CB0061C534 /* LaunchScreen.storyboard in Resources */,
				8408C23E201A26CB0061C534 /* Assets.xcassets in Resources */,
				8408C23C201A26CB0061C534 /* Main.storyboard in Resources */,
			);
			runOnlyForDeploymentPostprocessing = 0;
		};
/* End PBXResourcesBuildPhase section */

/* Begin PBXShellScriptBuildPhase section */
		0E6FABFD366AEA1D8C51C4C5 /* [CP] Check Pods Manifest.lock */ = {
			isa = PBXShellScriptBuildPhase;
			buildActionMask = 2147483647;
			files = (
			);
			inputPaths = (
				"${PODS_PODFILE_DIR_PATH}/Podfile.lock",
				"${PODS_ROOT}/Manifest.lock",
			);
			name = "[CP] Check Pods Manifest.lock";
			outputPaths = (
				"$(DERIVED_FILE_DIR)/Pods-Test Shop-checkManifestLockResult.txt",
			);
			runOnlyForDeploymentPostprocessing = 0;
			shellPath = /bin/sh;
			shellScript = "diff \"${PODS_PODFILE_DIR_PATH}/Podfile.lock\" \"${PODS_ROOT}/Manifest.lock\" > /dev/null\nif [ $? != 0 ] ; then\n    # print error to STDERR\n    echo \"error: The sandbox is not in sync with the Podfile.lock. Run 'pod install' or update your CocoaPods installation.\" >&2\n    exit 1\nfi\n# This output is used by Xcode 'outputs' to avoid re-running this script phase.\necho \"SUCCESS\" > \"${SCRIPT_OUTPUT_FILE_0}\"\n";
			showEnvVarsInLog = 0;
		};
		9359267D49207D76421FED22 /* [CP] Copy Pods Resources */ = {
			isa = PBXShellScriptBuildPhase;
			buildActionMask = 2147483647;
			files = (
			);
			inputPaths = (
			);
			name = "[CP] Copy Pods Resources";
			outputPaths = (
			);
			runOnlyForDeploymentPostprocessing = 0;
			shellPath = /bin/sh;
			shellScript = "\"${SRCROOT}/Pods/Target Support Files/Pods-Test Shop/Pods-Test Shop-resources.sh\"\n";
			showEnvVarsInLog = 0;
		};
		9DF237AF0FF5E94C61C841EB /* [CP] Embed Pods Frameworks */ = {
			isa = PBXShellScriptBuildPhase;
			buildActionMask = 2147483647;
			files = (
			);
			inputPaths = (
				"${SRCROOT}/Pods/Target Support Files/Pods-Test Shop/Pods-Test Shop-frameworks.sh",
				"${BUILT_PRODUCTS_DIR}/Alamofire/Alamofire.framework",
				"${BUILT_PRODUCTS_DIR}/NitroNSDictionaryCategories/NitroNSDictionaryCategories.framework",
				"${BUILT_PRODUCTS_DIR}/NitroUIColorCategories/NitroUIColorCategories.framework",
				"${BUILT_PRODUCTS_DIR}/SCLAlertView/SCLAlertView.framework",
				"${BUILT_PRODUCTS_DIR}/SDWebImage/SDWebImage.framework",
				"${BUILT_PRODUCTS_DIR}/SVProgressHUD/SVProgressHUD.framework",
				"${BUILT_PRODUCTS_DIR}/SwiftyJSON/SwiftyJSON.framework",
			);
			name = "[CP] Embed Pods Frameworks";
			outputPaths = (
				"${TARGET_BUILD_DIR}/${FRAMEWORKS_FOLDER_PATH}/Alamofire.framework",
				"${TARGET_BUILD_DIR}/${FRAMEWORKS_FOLDER_PATH}/NitroNSDictionaryCategories.framework",
				"${TARGET_BUILD_DIR}/${FRAMEWORKS_FOLDER_PATH}/NitroUIColorCategories.framework",
				"${TARGET_BUILD_DIR}/${FRAMEWORKS_FOLDER_PATH}/SCLAlertView.framework",
				"${TARGET_BUILD_DIR}/${FRAMEWORKS_FOLDER_PATH}/SDWebImage.framework",
				"${TARGET_BUILD_DIR}/${FRAMEWORKS_FOLDER_PATH}/SVProgressHUD.framework",
				"${TARGET_BUILD_DIR}/${FRAMEWORKS_FOLDER_PATH}/SwiftyJSON.framework",
			);
			runOnlyForDeploymentPostprocessing = 0;
			shellPath = /bin/sh;
			shellScript = "\"${SRCROOT}/Pods/Target Support Files/Pods-Test Shop/Pods-Test Shop-frameworks.sh\"\n";
			showEnvVarsInLog = 0;
		};
/* End PBXShellScriptBuildPhase section */

/* Begin PBXSourcesBuildPhase section */
		8408C22F201A26CB0061C534 /* Sources */ = {
			isa = PBXSourcesBuildPhase;
			buildActionMask = 2147483647;
			files = (
				84793DFE201A2889009F490B /* Item.swift in Sources */,
				84793E05201A29E1009F490B /* ProgressUtility.swift in Sources */,
				84793E0D201A2D1A009F490B /* ItemsTableViewController.swift in Sources */,
				8408C237201A26CB0061C534 /* AppDelegate.swift in Sources */,
				84793E01201A29BB009F490B /* NetworkAPI.swift in Sources */,
				84793E0B201A2CA8009F490B /* ItemCell.swift in Sources */,
				84793E06201A29E1009F490B /* DimUtility.swift in Sources */,
				84793E09201A2A96009F490B /* ItemsViewModel.swift in Sources */,
			);
			runOnlyForDeploymentPostprocessing = 0;
		};
/* End PBXSourcesBuildPhase section */

/* Begin PBXVariantGroup section */
		8408C23A201A26CB0061C534 /* Main.storyboard */ = {
			isa = PBXVariantGroup;
			children = (
				8408C23B201A26CB0061C534 /* Base */,
			);
			name = Main.storyboard;
			sourceTree = "<group>";
		};
		8408C23F201A26CB0061C534 /* LaunchScreen.storyboard */ = {
			isa = PBXVariantGroup;
			children = (
				8408C240201A26CB0061C534 /* Base */,
			);
			name = LaunchScreen.storyboard;
			sourceTree = "<group>";
		};
/* End PBXVariantGroup section */

/* Begin XCBuildConfiguration section */
		8408C243201A26CB0061C534 /* Debug */ = {
			isa = XCBuildConfiguration;
			buildSettings = {
				ALWAYS_SEARCH_USER_PATHS = NO;
				CLANG_ANALYZER_NONNULL = YES;
				CLANG_ANALYZER_NUMBER_OBJECT_CONVERSION = YES_AGGRESSIVE;
				CLANG_CXX_LANGUAGE_STANDARD = "gnu++14";
				CLANG_CXX_LIBRARY = "libc++";
				CLANG_ENABLE_MODULES = YES;
				CLANG_ENABLE_OBJC_ARC = YES;
				CLANG_WARN_BLOCK_CAPTURE_AUTORELEASING = YES;
				CLANG_WARN_BOOL_CONVERSION = YES;
				CLANG_WARN_COMMA = YES;
				CLANG_WARN_CONSTANT_CONVERSION = YES;
				CLANG_WARN_DIRECT_OBJC_ISA_USAGE = YES_ERROR;
				CLANG_WARN_DOCUMENTATION_COMMENTS = YES;
				CLANG_WARN_EMPTY_BODY = YES;
				CLANG_WARN_ENUM_CONVERSION = YES;
				CLANG_WARN_INFINITE_RECURSION = YES;
				CLANG_WARN_INT_CONVERSION = YES;
				CLANG_WARN_NON_LITERAL_NULL_CONVERSION = YES;
				CLANG_WARN_OBJC_LITERAL_CONVERSION = YES;
				CLANG_WARN_OBJC_ROOT_CLASS = YES_ERROR;
				CLANG_WARN_RANGE_LOOP_ANALYSIS = YES;
				CLANG_WARN_STRICT_PROTOTYPES = YES;
				CLANG_WARN_SUSPICIOUS_MOVE = YES;
				CLANG_WARN_UNGUARDED_AVAILABILITY = YES_AGGRESSIVE;
				CLANG_WARN_UNREACHABLE_CODE = YES;
				CLANG_WARN__DUPLICATE_METHOD_MATCH = YES;
				CODE_SIGN_IDENTITY = "iPhone Developer";
				COPY_PHASE_STRIP = NO;
				DEBUG_INFORMATION_FORMAT = dwarf;
				ENABLE_STRICT_OBJC_MSGSEND = YES;
				ENABLE_TESTABILITY = YES;
				GCC_C_LANGUAGE_STANDARD = gnu11;
				GCC_DYNAMIC_NO_PIC = NO;
				GCC_NO_COMMON_BLOCKS = YES;
				GCC_OPTIMIZATION_LEVEL = 0;
				GCC_PREPROCESSOR_DEFINITIONS = (
					"DEBUG=1",
					"$(inherited)",
				);
				GCC_WARN_64_TO_32_BIT_CONVERSION = YES;
				GCC_WARN_ABOUT_RETURN_TYPE = YES_ERROR;
				GCC_WARN_UNDECLARED_SELECTOR = YES;
				GCC_WARN_UNINITIALIZED_AUTOS = YES_AGGRESSIVE;
				GCC_WARN_UNUSED_FUNCTION = YES;
				GCC_WARN_UNUSED_VARIABLE = YES;
				IPHONEOS_DEPLOYMENT_TARGET = 11.2;
				MTL_ENABLE_DEBUG_INFO = YES;
				ONLY_ACTIVE_ARCH = YES;
				SDKROOT = iphoneos;
				SWIFT_ACTIVE_COMPILATION_CONDITIONS = DEBUG;
				SWIFT_OPTIMIZATION_LEVEL = "-Onone";
			};
			name = Debug;
		};
		8408C244201A26CB0061C534 /* Release */ = {
			isa = XCBuildConfiguration;
			buildSettings = {
				ALWAYS_SEARCH_USER_PATHS = NO;
				CLANG_ANALYZER_NONNULL = YES;
				CLANG_ANALYZER_NUMBER_OBJECT_CONVERSION = YES_AGGRESSIVE;
				CLANG_CXX_LANGUAGE_STANDARD = "gnu++14";
				CLANG_CXX_LIBRARY = "libc++";
				CLANG_ENABLE_MODULES = YES;
				CLANG_ENABLE_OBJC_ARC = YES;
				CLANG_WARN_BLOCK_CAPTURE_AUTORELEASING = YES;
				CLANG_WARN_BOOL_CONVERSION = YES;
				CLANG_WARN_COMMA = YES;
				CLANG_WARN_CONSTANT_CONVERSION = YES;
				CLANG_WARN_DIRECT_OBJC_ISA_USAGE = YES_ERROR;
				CLANG_WARN_DOCUMENTATION_COMMENTS = YES;
				CLANG_WARN_EMPTY_BODY = YES;
				CLANG_WARN_ENUM_CONVERSION = YES;
				CLANG_WARN_INFINITE_RECURSION = YES;
				CLANG_WARN_INT_CONVERSION = YES;
				CLANG_WARN_NON_LITERAL_NULL_CONVERSION = YES;
				CLANG_WARN_OBJC_LITERAL_CONVERSION = YES;
				CLANG_WARN_OBJC_ROOT_CLASS = YES_ERROR;
				CLANG_WARN_RANGE_LOOP_ANALYSIS = YES;
				CLANG_WARN_STRICT_PROTOTYPES = YES;
				CLANG_WARN_SUSPICIOUS_MOVE = YES;
				CLANG_WARN_UNGUARDED_AVAILABILITY = YES_AGGRESSIVE;
				CLANG_WARN_UNREACHABLE_CODE = YES;
				CLANG_WARN__DUPLICATE_METHOD_MATCH = YES;
				CODE_SIGN_IDENTITY = "iPhone Developer";
				COPY_PHASE_STRIP = NO;
				DEBUG_INFORMATION_FORMAT = "dwarf-with-dsym";
				ENABLE_NS_ASSERTIONS = NO;
				ENABLE_STRICT_OBJC_MSGSEND = YES;
				GCC_C_LANGUAGE_STANDARD = gnu11;
				GCC_NO_COMMON_BLOCKS = YES;
				GCC_WARN_64_TO_32_BIT_CONVERSION = YES;
				GCC_WARN_ABOUT_RETURN_TYPE = YES_ERROR;
				GCC_WARN_UNDECLARED_SELECTOR = YES;
				GCC_WARN_UNINITIALIZED_AUTOS = YES_AGGRESSIVE;
				GCC_WARN_UNUSED_FUNCTION = YES;
				GCC_WARN_UNUSED_VARIABLE = YES;
				IPHONEOS_DEPLOYMENT_TARGET = 11.2;
				MTL_ENABLE_DEBUG_INFO = NO;
				SDKROOT = iphoneos;
				SWIFT_OPTIMIZATION_LEVEL = "-Owholemodule";
				VALIDATE_PRODUCT = YES;
			};
			name = Release;
		};
		8408C246201A26CB0061C534 /* Debug */ = {
			isa = XCBuildConfiguration;
			baseConfigurationReference = F12163708545D80C4B2C83E6 /* Pods-Test Shop.debug.xcconfig */;
			buildSettings = {
				ASSETCATALOG_COMPILER_APPICON_NAME = AppIcon;
				CODE_SIGN_STYLE = Automatic;
				INFOPLIST_FILE = "Test Shop/Info.plist";
				LD_RUNPATH_SEARCH_PATHS = "$(inherited) @executable_path/Frameworks";
				PRODUCT_BUNDLE_IDENTIFIER = "com.mshaker.Test-Shop";
				PRODUCT_NAME = "$(TARGET_NAME)";
				SWIFT_VERSION = 4.0;
				TARGETED_DEVICE_FAMILY = "1,2";
			};
			name = Debug;
		};
		8408C247201A26CB0061C534 /* Release */ = {
			isa = XCBuildConfiguration;
			baseConfigurationReference = 03B08068DD4489A1C4D3E09C /* Pods-Test Shop.release.xcconfig */;
			buildSettings = {
				ASSETCATALOG_COMPILER_APPICON_NAME = AppIcon;
				CODE_SIGN_STYLE = Automatic;
				INFOPLIST_FILE = "Test Shop/Info.plist";
				LD_RUNPATH_SEARCH_PATHS = "$(inherited) @executable_path/Frameworks";
				PRODUCT_BUNDLE_IDENTIFIER = "com.mshaker.Test-Shop";
				PRODUCT_NAME = "$(TARGET_NAME)";
				SWIFT_VERSION = 4.0;
				TARGETED_DEVICE_FAMILY = "1,2";
			};
			name = Release;
		};
/* End XCBuildConfiguration section */

/* Begin XCConfigurationList section */
		8408C22E201A26CB0061C534 /* Build configuration list for PBXProject "Test Shop" */ = {
			isa = XCConfigurationList;
			buildConfigurations = (
				8408C243201A26CB0061C534 /* Debug */,
				8408C244201A26CB0061C534 /* Release */,
			);
			defaultConfigurationIsVisible = 0;
			defaultConfigurationName = Release;
		};
		8408C245201A26CB0061C534 /* Build configuration list for PBXNativeTarget "Test Shop" */ = {
			isa = XCConfigurationList;
			buildConfigurations = (
				8408C246201A26CB0061C534 /* Debug */,
				8408C247201A26CB0061C534 /* Release */,
			);
			defaultConfigurationIsVisible = 0;
			defaultConfigurationName = Release;
		};
/* End XCConfigurationList section */
	};
	rootObject = 8408C22B201A26CB0061C534 /* Project object */;
}
