PODS:
  - Alamofire (4.0.1)
  - NitroMath (1.1.0)
  - NitroNSDictionaryCategories (1.1.0)
  - NitroUIColorCategories (1.1.1):
    - NitroMath (~> 1.1.0)
    - NitroNSDictionaryCategories (~> 1.1.0)
  - SDWebImage (3.8.2):
    - SDWebImage/Core (= 3.8.2)
  - SDWebImage/Core (3.8.2)
  - SVProgressHUD (2.2.2)
  - SwiftyJSON (3.1.0)

DEPENDENCIES:
  - Alamofire (= 4.0.1)
  - NitroUIColorCategories
  - SDWebImage (~> 3.7)
  - SVProgressHUD
  - SwiftyJSON (= 3.1.0)

SPEC CHECKSUMS:
  Alamofire: 7682d43245de14874acd142ec137b144aa1dd335
  NitroMath: 9402e21acb9687ce46cb48ceb9a5fa86d40aaee2
  NitroNSDictionaryCategories: 8d86cbfbcb7b6b2d69071314330ac11283137ae9
  NitroUIColorCategories: f6d844ac23380050f1d402c518681da8da959191
  SDWebImage: 098e97e6176540799c27e804c96653ee0833d13c
  SVProgressHUD: 59b2d3dabacbd051576d21d32293ca7228dc18b0
  SwiftyJSON: 29b9f2a64f118c07e691667c2ba1efe536acfe0b

PODFILE CHECKSUM: a87be0787539fb16f6562b83f59fd00368537383

COCOAPODS: 1.3.1
